
Microsoft Visual Studio Solution File, Format Version 12.00
# Visual Studio Version 16
VisualStudioVersion = 16.0.32106.194
MinimumVisualStudioVersion = 10.0.40219.1
Project("{8BC9CEB8-8B4A-11D0-8D11-00A0C91BC942}") = "Kursovaya_eratosfen", "Kursovaya_eratosfen.vcxproj", "{417F5761-5FBA-4B6B-85F9-2E0500053D9A}"
EndProject
Global
	GlobalSection(SolutionConfigurationPlatforms) = preSolution
		Debug|x64 = Debug|x64
		Debug|x86 = Debug|x86
		Release|x64 = Release|x64
		Release|x86 = Release|x86
	EndGlobalSection
	GlobalSection(ProjectConfigurationPlatforms) = postSolution
		{417F5761-5FBA-4B6B-85F9-2E0500053D9A}.Debug|x64.ActiveCfg = Debug|x64
		{417F5761-5FBA-4B6B-85F9-2E0500053D9A}.Debug|x64.Build.0 = Debug|x64
		{417F5761-5FBA-4B6B-85F9-2E0500053D9A}.Debug|x86.ActiveCfg = Debug|Win32
		{417F5761-5FBA-4B6B-85F9-2E0500053D9A}.Debug|x86.Build.0 = Debug|Win32
		{417F5761-5FBA-4B6B-85F9-2E0500053D9A}.Release|x64.ActiveCfg = Release|x64
		{417F5761-5FBA-4B6B-85F9-2E0500053D9A}.Release|x64.Build.0 = Release|x64
		{417F5761-5FBA-4B6B-85F9-2E0500053D9A}.Release|x86.ActiveCfg = Release|Win32
		{417F5761-5FBA-4B6B-85F9-2E0500053D9A}.Release|x86.Build.0 = Release|Win32
	EndGlobalSection
	GlobalSection(SolutionProperties) = preSolution
		HideSolutionNode = FALSE
	EndGlobalSection
	GlobalSection(ExtensibilityGlobals) = postSolution
		SolutionGuid = {EC1EF967-B73E-4EB1-A17B-41FE3AF46A28}
	EndGlobalSection
EndGlobal
